
Microsoft Visual Studio Solution File, Format Version 12.00
# Visual Studio Version 17
VisualStudioVersion = 17.2.32526.322
MinimumVisualStudioVersion = 10.0.40219.1
Project("{FAE04EC0-301F-11D3-BF4B-00C04F79EFBC}") = "apiSupplyHelper", "apiSupplyHelper\apiSupplyHelper.csproj", "{D903E2B1-2D54-4E28-BB8E-C23DF7085A15}"
EndProject
Global
	GlobalSection(SolutionConfigurationPlatforms) = preSolution
		Debug|Any CPU = Debug|Any CPU
		Release|Any CPU = Release|Any CPU
	EndGlobalSection
	GlobalSection(ProjectConfigurationPlatforms) = postSolution
		{D903E2B1-2D54-4E28-BB8E-C23DF7085A15}.Debug|Any CPU.ActiveCfg = Debug|Any CPU
		{D903E2B1-2D54-4E28-BB8E-C23DF7085A15}.Debug|Any CPU.Build.0 = Debug|Any CPU
		{D903E2B1-2D54-4E28-BB8E-C23DF7085A15}.Release|Any CPU.ActiveCfg = Release|Any CPU
		{D903E2B1-2D54-4E28-BB8E-C23DF7085A15}.Release|Any CPU.Build.0 = Release|Any CPU
	EndGlobalSection
	GlobalSection(SolutionProperties) = preSolution
		HideSolutionNode = FALSE
	EndGlobalSection
	GlobalSection(ExtensibilityGlobals) = postSolution
		SolutionGuid = {2350A683-8050-47AC-97C6-3A4CE44031BF}
	EndGlobalSection
EndGlobal
